
Microsoft Visual Studio Solution File, Format Version 12.00
# Visual Studio Version 17
VisualStudioVersion = 17.2.32630.192
MinimumVisualStudioVersion = 10.0.40219.1
Project("{FAE04EC0-301F-11D3-BF4B-00C04F79EFBC}") = "TwoFactor", "TwoFactor\TwoFactor.csproj", "{691E8B41-8F82-4FE1-8B88-34C45AA58D9B}"
EndProject
Global
	GlobalSection(SolutionConfigurationPlatforms) = preSolution
		Debug|Any CPU = Debug|Any CPU
		Release|Any CPU = Release|Any CPU
	EndGlobalSection
	GlobalSection(ProjectConfigurationPlatforms) = postSolution
		{691E8B41-8F82-4FE1-8B88-34C45AA58D9B}.Debug|Any CPU.ActiveCfg = Debug|Any CPU
		{691E8B41-8F82-4FE1-8B88-34C45AA58D9B}.Debug|Any CPU.Build.0 = Debug|Any CPU
		{691E8B41-8F82-4FE1-8B88-34C45AA58D9B}.Release|Any CPU.ActiveCfg = Release|Any CPU
		{691E8B41-8F82-4FE1-8B88-34C45AA58D9B}.Release|Any CPU.Build.0 = Release|Any CPU
	EndGlobalSection
	GlobalSection(SolutionProperties) = preSolution
		HideSolutionNode = FALSE
	EndGlobalSection
	GlobalSection(ExtensibilityGlobals) = postSolution
		SolutionGuid = {BC874F03-8867-4002-8602-F9CC5E70697F}
	EndGlobalSection
EndGlobal
